uuid: 33b7f0d4-3ed3-43da-825b-1bc7ea4fbc97
langcode: en
status: true
dependencies:
  module:
    - helfi_platform_config
  theme:
    - hdbt
_core:
  default_config_hash: Fj7wa438NI5JwupqhKW9VRrCarkKJ7Ad0gVbeObGfsg
id: lowercontentblock
theme: hdbt
region: after_content
weight: -9
provider: null
plugin: lower_content_block
settings:
  id: lower_content_block
  label: 'Lower content block'
  label_display: '0'
  provider: hdbt_admin_tools
visibility: {  }
